// !$*UTF8*$!
{
	archiveVersion = 1;
	classes = {
	};
	objectVersion = 51;
	objects = {

/* Begin PBXBuildFile section */
		0FB42065925EBD62B0A15D27 /* Pods_NewProject.framework in Frameworks */ = {isa = PBXBuildFile; fileRef = 0DD72914671B529A7AC1D291 /* Pods_NewProject.framework */; };
		111C48B426FF9B8C004215C0 /* MyTableViewCell.swift in Sources */ = {isa = PBXBuildFile; fileRef = 111C48B326FF9B8C004215C0 /* MyTableViewCell.swift */; };
		11E9A05B26FB87ED009DFBBC /* AppDelegate.swift in Sources */ = {isa = PBXBuildFile; fileRef = 11E9A05A26FB87ED009DFBBC /* AppDelegate.swift */; };
		11E9A05D26FB87ED009DFBBC /* SceneDelegate.swift in Sources */ = {isa = PBXBuildFile; fileRef = 11E9A05C26FB87ED009DFBBC /* SceneDelegate.swift */; };
		11E9A05F26FB87ED009DFBBC /* ViewController.swift in Sources */ = {isa = PBXBuildFile; fileRef = 11E9A05E26FB87ED009DFBBC /* ViewController.swift */; };
		11E9A06226FB87EE009DFBBC /* Main.storyboard in Resources */ = {isa = PBXBuildFile; fileRef = 11E9A06026FB87EE009DFBBC /* Main.storyboard */; };
		11E9A06426FB8868009DFBBC /* Assets.xcassets in Resources */ = {isa = PBXBuildFile; fileRef = 11E9A06326FB8868009DFBBC /* Assets.xcassets */; };
		11E9A06726FB8868009DFBBC /* LaunchScreen.storyboard in Resources */ = {isa = PBXBuildFile; fileRef = 11E9A06526FB8868009DFBBC /* LaunchScreen.storyboard */; };
/* End PBXBuildFile section */

/* Begin PBXFileReference section */
		0DD72914671B529A7AC1D291 /* Pods_NewProject.framework */ = {isa = PBXFileReference; explicitFileType = wrapper.framework; includeInIndex = 0; path = Pods_NewProject.framework; sourceTree = BUILT_PRODUCTS_DIR; };
		111C48B326FF9B8C004215C0 /* MyTableViewCell.swift */ = {isa = PBXFileReference; lastKnownFileType = sourcecode.swift; path = MyTableViewCell.swift; sourceTree = "<group>"; };
		11E9A05726FB87ED009DFBBC /* NewProject.app */ = {isa = PBXFileReference; explicitFileType = wrapper.application; includeInIndex = 0; path = NewProject.app; sourceTree = BUILT_PRODUCTS_DIR; };
		11E9A05A26FB87ED009DFBBC /* AppDelegate.swift */ = {isa = PBXFileReference; lastKnownFileType = sourcecode.swift; path = AppDelegate.swift; sourceTree = "<group>"; };
		11E9A05C26FB87ED009DFBBC /* SceneDelegate.swift */ = {isa = PBXFileReference; lastKnownFileType = sourcecode.swift; path = SceneDelegate.swift; sourceTree = "<group>"; };
		11E9A05E26FB87ED009DFBBC /* ViewController.swift */ = {isa = PBXFileReference; lastKnownFileType = sourcecode.swift; path = ViewController.swift; sourceTree = "<group>"; };
		11E9A06126FB87EE009DFBBC /* Base */ = {isa = PBXFileReference; lastKnownFileType = file.storyboard; name = Base; path = Base.lproj/Main.storyboard; sourceTree = "<group>"; };
		11E9A06326FB8868009DFBBC /* Assets.xcassets */ = {isa = PBXFileReference; lastKnownFileType = folder.assetcatalog; path = Assets.xcassets; sourceTree = "<group>"; };
		11E9A06626FB8868009DFBBC /* Base */ = {isa = PBXFileReference; lastKnownFileType = file.storyboard; name = Base; path = Base.lproj/LaunchScreen.storyboard; sourceTree = "<group>"; };
		11E9A06826FB8868009DFBBC /* Info.plist */ = {isa = PBXFileReference; lastKnownFileType = text.plist.xml; path = Info.plist; sourceTree = "<group>"; };
		73CC6288B86DCDDEACF1AA4D /* Pods-NewProject.release.xcconfig */ = {isa = PBXFileReference; includeInIndex = 1; lastKnownFileType = text.xcconfig; name = "Pods-NewProject.release.xcconfig"; path = "Target Support Files/Pods-NewProject/Pods-NewProject.release.xcconfig"; sourceTree = "<group>"; };
		E361C4B2527A139917C73C95 /* Pods-NewProject.debug.xcconfig */ = {isa = PBXFileReference; includeInIndex = 1; lastKnownFileType = text.xcconfig; name = "Pods-NewProject.debug.xcconfig"; path = "Target Support Files/Pods-NewProject/Pods-NewProject.debug.xcconfig"; sourceTree = "<group>"; };
/* End PBXFileReference section */

/* Begin PBXFrameworksBuildPhase section */
		11E9A05426FB87ED009DFBBC /* Frameworks */ = {
			isa = PBXFrameworksBuildPhase;
			buildActionMask = 2147483647;
			files = (
				0FB42065925EBD62B0A15D27 /* Pods_NewProject.framework in Frameworks */,
			);
			runOnlyForDeploymentPostprocessing = 0;
		};
/* End PBXFrameworksBuildPhase section */

/* Begin PBXGroup section */
		11E9A04E26FB87EB009DFBBC = {
			isa = PBXGroup;
			children = (
				11E9A05926FB87ED009DFBBC /* NewProject */,
				11E9A05826FB87ED009DFBBC /* Products */,
				492AE8C87B2BF3963C8B5B5F /* Pods */,
				B54B9FC989FC4B2FCC5D523D /* Frameworks */,
			);
			sourceTree = "<group>";
		};
		11E9A05826FB87ED009DFBBC /* Products */ = {
			isa = PBXGroup;
			children = (
				11E9A05726FB87ED009DFBBC /* NewProject.app */,
			);
			name = Products;
			sourceTree = "<group>";
		};
		11E9A05926FB87ED009DFBBC /* NewProject */ = {
			isa = PBXGroup;
			children = (
				11E9A05A26FB87ED009DFBBC /* AppDelegate.swift */,
				11E9A05C26FB87ED009DFBBC /* SceneDelegate.swift */,
				11E9A05E26FB87ED009DFBBC /* ViewController.swift */,
				11E9A06026FB87EE009DFBBC /* Main.storyboard */,
				11E9A06326FB8868009DFBBC /* Assets.xcassets */,
				11E9A06526FB8868009DFBBC /* LaunchScreen.storyboard */,
				11E9A06826FB8868009DFBBC /* Info.plist */,
				111C48B326FF9B8C004215C0 /* MyTableViewCell.swift */,
			);
			path = NewProject;
			sourceTree = "<group>";
		};
		492AE8C87B2BF3963C8B5B5F /* Pods */ = {
			isa = PBXGroup;
			children = (
				E361C4B2527A139917C73C95 /* Pods-NewProject.debug.xcconfig */,
				73CC6288B86DCDDEACF1AA4D /* Pods-NewProject.release.xcconfig */,
			);
			path = Pods;
			sourceTree = "<group>";
		};
		B54B9FC989FC4B2FCC5D523D /* Frameworks */ = {
			isa = PBXGroup;
			children = (
				0DD72914671B529A7AC1D291 /* Pods_NewProject.framework */,
			);
			name = Frameworks;
			sourceTree = "<group>";
		};
/* End PBXGroup section */

/* Begin PBXNativeTarget section */
		11E9A05626FB87ED009DFBBC /* NewProject */ = {
			isa = PBXNativeTarget;
			buildConfigurationList = 11E9A06B26FB8868009DFBBC /* Build configuration list for PBXNativeTarget "NewProject" */;
			buildPhases = (
				8B27A222D7AC8AD8E57D5AC6 /* [CP] Check Pods Manifest.lock */,
				11E9A05326FB87ED009DFBBC /* Sources */,
				11E9A05426FB87ED009DFBBC /* Frameworks */,
				11E9A05526FB87ED009DFBBC /* Resources */,
				500446B4B2F2BFB62BE8CA78 /* [CP] Embed Pods Frameworks */,
			);
			buildRules = (
			);
			dependencies = (
			);
			name = NewProject;
			productName = NewProject;
			productReference = 11E9A05726FB87ED009DFBBC /* NewProject.app */;
			productType = "com.apple.product-type.application";
		};
/* End PBXNativeTarget section */

/* Begin PBXProject section */
		11E9A04F26FB87EC009DFBBC /* Project object */ = {
			isa = PBXProject;
			attributes = {
				LastSwiftUpdateCheck = 1250;
				LastUpgradeCheck = 1250;
				TargetAttributes = {
					11E9A05626FB87ED009DFBBC = {
						CreatedOnToolsVersion = 12.5.1;
					};
				};
			};
			buildConfigurationList = 11E9A05226FB87EC009DFBBC /* Build configuration list for PBXProject "NewProject" */;
			compatibilityVersion = "Xcode 9.3";
			developmentRegion = en;
			hasScannedForEncodings = 0;
			knownRegions = (
				en,
				Base,
			);
			mainGroup = 11E9A04E26FB87EB009DFBBC;
			productRefGroup = 11E9A05826FB87ED009DFBBC /* Products */;
			projectDirPath = "";
			projectRoot = "";
			targets = (
				11E9A05626FB87ED009DFBBC /* NewProject */,
			);
		};
/* End PBXProject section */

/* Begin PBXResourcesBuildPhase section */
		11E9A05526FB87ED009DFBBC /* Resources */ = {
			isa = PBXResourcesBuildPhase;
			buildActionMask = 2147483647;
			files = (
				11E9A06726FB8868009DFBBC /* LaunchScreen.storyboard in Resources */,
				11E9A06426FB8868009DFBBC /* Assets.xcassets in Resources */,
				11E9A06226FB87EE009DFBBC /* Main.storyboard in Resources */,
			);
			runOnlyForDeploymentPostprocessing = 0;
		};
/* End PBXResourcesBuildPhase section */

/* Begin PBXShellScriptBuildPhase section */
		500446B4B2F2BFB62BE8CA78 /* [CP] Embed Pods Frameworks */ = {
			isa = PBXShellScriptBuildPhase;
			buildActionMask = 2147483647;
			files = (
			);
			inputFileListPaths = (
				"${PODS_ROOT}/Target Support Files/Pods-NewProject/Pods-NewProject-frameworks-${CONFIGURATION}-input-files.xcfilelist",
			);
			name = "[CP] Embed Pods Frameworks";
			outputFileListPaths = (
				"${PODS_ROOT}/Target Support Files/Pods-NewProject/Pods-NewProject-frameworks-${CONFIGURATION}-output-files.xcfilelist",
			);
			runOnlyForDeploymentPostprocessing = 0;
			shellPath = /bin/sh;
			shellScript = "\"${PODS_ROOT}/Target Support Files/Pods-NewProject/Pods-NewProject-frameworks.sh\"\n";
			showEnvVarsInLog = 0;
		};
		8B27A222D7AC8AD8E57D5AC6 /* [CP] Check Pods Manifest.lock */ = {
			isa = PBXShellScriptBuildPhase;
			buildActionMask = 2147483647;
			files = (
			);
			inputFileListPaths = (
			);
			inputPaths = (
				"${PODS_PODFILE_DIR_PATH}/Podfile.lock",
				"${PODS_ROOT}/Manifest.lock",
			);
			name = "[CP] Check Pods Manifest.lock";
			outputFileListPaths = (
			);
			outputPaths = (
				"$(DERIVED_FILE_DIR)/Pods-NewProject-checkManifestLockResult.txt",
			);
			runOnlyForDeploymentPostprocessing = 0;
			shellPath = /bin/sh;
			shellScript = "diff \"${PODS_PODFILE_DIR_PATH}/Podfile.lock\" \"${PODS_ROOT}/Manifest.lock\" > /dev/null\nif [ $? != 0 ] ; then\n    # print error to STDERR\n    echo \"error: The sandbox is not in sync with the Podfile.lock. Run 'pod install' or update your CocoaPods installation.\" >&2\n    exit 1\nfi\n# This output is used by Xcode 'outputs' to avoid re-running this script phase.\necho \"SUCCESS\" > \"${SCRIPT_OUTPUT_FILE_0}\"\n";
			showEnvVarsInLog = 0;
		};
/* End PBXShellScriptBuildPhase section */

/* Begin PBXSourcesBuildPhase section */
		11E9A05326FB87ED009DFBBC /* Sources */ = {
			isa = PBXSourcesBuildPhase;
			buildActionMask = 2147483647;
			files = (
				11E9A05F26FB87ED009DFBBC /* ViewController.swift in Sources */,
				111C48B426FF9B8C004215C0 /* MyTableViewCell.swift in Sources */,
				11E9A05B26FB87ED009DFBBC /* AppDelegate.swift in Sources */,
				11E9A05D26FB87ED009DFBBC /* SceneDelegate.swift in Sources */,
			);
			runOnlyForDeploymentPostprocessing = 0;
		};
/* End PBXSourcesBuildPhase section */

/* Begin PBXVariantGroup section */
		11E9A06026FB87EE009DFBBC /* Main.storyboard */ = {
			isa = PBXVariantGroup;
			children = (
				11E9A06126FB87EE009DFBBC /* Base */,
			);
			name = Main.storyboard;
			sourceTree = "<group>";
		};
		11E9A06526FB8868009DFBBC /* LaunchScreen.storyboard */ = {
			isa = PBXVariantGroup;
			children = (
				11E9A06626FB8868009DFBBC /* Base */,
			);
			name = LaunchScreen.storyboard;
			sourceTree = "<group>";
		};
/* End PBXVariantGroup section */

/* Begin XCBuildConfiguration section */
		11E9A06926FB8868009DFBBC /* Debug */ = {
			isa = XCBuildConfiguration;
			buildSettings = {
				ALWAYS_SEARCH_USER_PATHS = NO;
				CLANG_ANALYZER_NONNULL = YES;
				CLANG_ANALYZER_NUMBER_OBJECT_CONVERSION = YES_AGGRESSIVE;
				CLANG_CXX_LANGUAGE_STANDARD = "gnu++14";
				CLANG_CXX_LIBRARY = "libc++";
				CLANG_ENABLE_MODULES = YES;
				CLANG_ENABLE_OBJC_ARC = YES;
				CLANG_ENABLE_OBJC_WEAK = YES;
				CLANG_WARN_BLOCK_CAPTURE_AUTORELEASING = YES;
				CLANG_WARN_BOOL_CONVERSION = YES;
				CLANG_WARN_COMMA = YES;
				CLANG_WARN_CONSTANT_CONVERSION = YES;
				CLANG_WARN_DEPRECATED_OBJC_IMPLEMENTATIONS = YES;
				CLANG_WARN_DIRECT_OBJC_ISA_USAGE = YES_ERROR;
				CLANG_WARN_DOCUMENTATION_COMMENTS = YES;
				CLANG_WARN_EMPTY_BODY = YES;
				CLANG_WARN_ENUM_CONVERSION = YES;
				CLANG_WARN_INFINITE_RECURSION = YES;
				CLANG_WARN_INT_CONVERSION = YES;
				CLANG_WARN_NON_LITERAL_NULL_CONVERSION = YES;
				CLANG_WARN_OBJC_IMPLICIT_RETAIN_SELF = YES;
				CLANG_WARN_OBJC_LITERAL_CONVERSION = YES;
				CLANG_WARN_OBJC_ROOT_CLASS = YES_ERROR;
				CLANG_WARN_QUOTED_INCLUDE_IN_FRAMEWORK_HEADER = YES;
				CLANG_WARN_RANGE_LOOP_ANALYSIS = YES;
				CLANG_WARN_STRICT_PROTOTYPES = YES;
				CLANG_WARN_SUSPICIOUS_MOVE = YES;
				CLANG_WARN_UNGUARDED_AVAILABILITY = YES_AGGRESSIVE;
				CLANG_WARN_UNREACHABLE_CODE = YES;
				CLANG_WARN__DUPLICATE_METHOD_MATCH = YES;
				COPY_PHASE_STRIP = NO;
				DEBUG_INFORMATION_FORMAT = dwarf;
				ENABLE_STRICT_OBJC_MSGSEND = YES;
				ENABLE_TESTABILITY = YES;
				GCC_C_LANGUAGE_STANDARD = gnu11;
				GCC_DYNAMIC_NO_PIC = NO;
				GCC_NO_COMMON_BLOCKS = YES;
				GCC_OPTIMIZATION_LEVEL = 0;
				GCC_PREPROCESSOR_DEFINITIONS = (
					"DEBUG=1",
					"$(inherited)",
				);
				GCC_WARN_64_TO_32_BIT_CONVERSION = YES;
				GCC_WARN_ABOUT_RETURN_TYPE = YES_ERROR;
				GCC_WARN_UNDECLARED_SELECTOR = YES;
				GCC_WARN_UNINITIALIZED_AUTOS = YES_AGGRESSIVE;
				GCC_WARN_UNUSED_FUNCTION = YES;
				GCC_WARN_UNUSED_VARIABLE = YES;
				IPHONEOS_DEPLOYMENT_TARGET = 14.5;
				MTL_ENABLE_DEBUG_INFO = INCLUDE_SOURCE;
				MTL_FAST_MATH = YES;
				ONLY_ACTIVE_ARCH = YES;
				SDKROOT = iphoneos;
				SWIFT_ACTIVE_COMPILATION_CONDITIONS = DEBUG;
				SWIFT_OPTIMIZATION_LEVEL = "-Onone";
			};
			name = Debug;
		};
		11E9A06A26FB8868009DFBBC /* Release */ = {
			isa = XCBuildConfiguration;
			buildSettings = {
				ALWAYS_SEARCH_USER_PATHS = NO;
				CLANG_ANALYZER_NONNULL = YES;
				CLANG_ANALYZER_NUMBER_OBJECT_CONVERSION = YES_AGGRESSIVE;
				CLANG_CXX_LANGUAGE_STANDARD = "gnu++14";
				CLANG_CXX_LIBRARY = "libc++";
				CLANG_ENABLE_MODULES = YES;
				CLANG_ENABLE_OBJC_ARC = YES;
				CLANG_ENABLE_OBJC_WEAK = YES;
				CLANG_WARN_BLOCK_CAPTURE_AUTORELEASING = YES;
				CLANG_WARN_BOOL_CONVERSION = YES;
				CLANG_WARN_COMMA = YES;
				CLANG_WARN_CONSTANT_CONVERSION = YES;
				CLANG_WARN_DEPRECATED_OBJC_IMPLEMENTATIONS = YES;
				CLANG_WARN_DIRECT_OBJC_ISA_USAGE = YES_ERROR;
				CLANG_WARN_DOCUMENTATION_COMMENTS = YES;
				CLANG_WARN_EMPTY_BODY = YES;
				CLANG_WARN_ENUM_CONVERSION = YES;
				CLANG_WARN_INFINITE_RECURSION = YES;
				CLANG_WARN_INT_CONVERSION = YES;
				CLANG_WARN_NON_LITERAL_NULL_CONVERSION = YES;
				CLANG_WARN_OBJC_IMPLICIT_RETAIN_SELF = YES;
				CLANG_WARN_OBJC_LITERAL_CONVERSION = YES;
				CLANG_WARN_OBJC_ROOT_CLASS = YES_ERROR;
				CLANG_WARN_QUOTED_INCLUDE_IN_FRAMEWORK_HEADER = YES;
				CLANG_WARN_RANGE_LOOP_ANALYSIS = YES;
				CLANG_WARN_STRICT_PROTOTYPES = YES;
				CLANG_WARN_SUSPICIOUS_MOVE = YES;
				CLANG_WARN_UNGUARDED_AVAILABILITY = YES_AGGRESSIVE;
				CLANG_WARN_UNREACHABLE_CODE = YES;
				CLANG_WARN__DUPLICATE_METHOD_MATCH = YES;
				COPY_PHASE_STRIP = NO;
				DEBUG_INFORMATION_FORMAT = "dwarf-with-dsym";
				ENABLE_NS_ASSERTIONS = NO;
				ENABLE_STRICT_OBJC_MSGSEND = YES;
				GCC_C_LANGUAGE_STANDARD = gnu11;
				GCC_NO_COMMON_BLOCKS = YES;
				GCC_WARN_64_TO_32_BIT_CONVERSION = YES;
				GCC_WARN_ABOUT_RETURN_TYPE = YES_ERROR;
				GCC_WARN_UNDECLARED_SELECTOR = YES;
				GCC_WARN_UNINITIALIZED_AUTOS = YES_AGGRESSIVE;
				GCC_WARN_UNUSED_FUNCTION = YES;
				GCC_WARN_UNUSED_VARIABLE = YES;
				IPHONEOS_DEPLOYMENT_TARGET = 14.5;
				MTL_ENABLE_DEBUG_INFO = NO;
				MTL_FAST_MATH = YES;
				SDKROOT = iphoneos;
				SWIFT_COMPILATION_MODE = wholemodule;
				SWIFT_OPTIMIZATION_LEVEL = "-O";
				VALIDATE_PRODUCT = YES;
			};
			name = Release;
		};
		11E9A06C26FB8868009DFBBC /* Debug */ = {
			isa = XCBuildConfiguration;
			baseConfigurationReference = E361C4B2527A139917C73C95 /* Pods-NewProject.debug.xcconfig */;
			buildSettings = {
				ASSETCATALOG_COMPILER_APPICON_NAME = AppIcon;
				ASSETCATALOG_COMPILER_GLOBAL_ACCENT_COLOR_NAME = AccentColor;
				CODE_SIGN_STYLE = Automatic;
				DEVELOPMENT_TEAM = RH7JFAL72A;
				INFOPLIST_FILE = NewProject/Info.plist;
				LD_RUNPATH_SEARCH_PATHS = (
					"$(inherited)",
					"@executable_path/Frameworks",
				);
				PRODUCT_BUNDLE_IDENTIFIER = com.shreesharao.NewProject;
				PRODUCT_NAME = "$(TARGET_NAME)";
				SWIFT_VERSION = 5.0;
				TARGETED_DEVICE_FAMILY = "1,2";
			};
			name = Debug;
		};
		11E9A06D26FB8868009DFBBC /* Release */ = {
			isa = XCBuildConfiguration;
			baseConfigurationReference = 73CC6288B86DCDDEACF1AA4D /* Pods-NewProject.release.xcconfig */;
			buildSettings = {
				ASSETCATALOG_COMPILER_APPICON_NAME = AppIcon;
				ASSETCATALOG_COMPILER_GLOBAL_ACCENT_COLOR_NAME = AccentColor;
				CODE_SIGN_STYLE = Automatic;
				DEVELOPMENT_TEAM = RH7JFAL72A;
				INFOPLIST_FILE = NewProject/Info.plist;
				LD_RUNPATH_SEARCH_PATHS = (
					"$(inherited)",
					"@executable_path/Frameworks",
				);
				PRODUCT_BUNDLE_IDENTIFIER = com.shreesharao.NewProject;
				PRODUCT_NAME = "$(TARGET_NAME)";
				SWIFT_VERSION = 5.0;
				TARGETED_DEVICE_FAMILY = "1,2";
			};
			name = Release;
		};
/* End XCBuildConfiguration section */

/* Begin XCConfigurationList section */
		11E9A05226FB87EC009DFBBC /* Build configuration list for PBXProject "NewProject" */ = {
			isa = XCConfigurationList;
			buildConfigurations = (
				11E9A06926FB8868009DFBBC /* Debug */,
				11E9A06A26FB8868009DFBBC /* Release */,
			);
			defaultConfigurationIsVisible = 0;
			defaultConfigurationName = Release;
		};
		11E9A06B26FB8868009DFBBC /* Build configuration list for PBXNativeTarget "NewProject" */ = {
			isa = XCConfigurationList;
			buildConfigurations = (
				11E9A06C26FB8868009DFBBC /* Debug */,
				11E9A06D26FB8868009DFBBC /* Release */,
			);
			defaultConfigurationIsVisible = 0;
			defaultConfigurationName = Release;
		};
/* End XCConfigurationList section */
	};
	rootObject = 11E9A04F26FB87EC009DFBBC /* Project object */;
}
